
Microsoft Visual Studio Solution File, Format Version 12.00
# Visual Studio Version 17
VisualStudioVersion = 17.6.33829.357
MinimumVisualStudioVersion = 10.0.40219.1
Project("{9A19103F-16F7-4668-BE54-9A1E7A4F7556}") = "API", "API\API.csproj", "{B5A2AC32-D963-4406-8C67-05B8FE0F7E09}"
EndProject
Global
	GlobalSection(SolutionConfigurationPlatforms) = preSolution
		Debug|Any CPU = Debug|Any CPU
		Release|Any CPU = Release|Any CPU
	EndGlobalSection
	GlobalSection(ProjectConfigurationPlatforms) = postSolution
		{B5A2AC32-D963-4406-8C67-05B8FE0F7E09}.Debug|Any CPU.ActiveCfg = Debug|Any CPU
		{B5A2AC32-D963-4406-8C67-05B8FE0F7E09}.Debug|Any CPU.Build.0 = Debug|Any CPU
		{B5A2AC32-D963-4406-8C67-05B8FE0F7E09}.Release|Any CPU.ActiveCfg = Release|Any CPU
		{B5A2AC32-D963-4406-8C67-05B8FE0F7E09}.Release|Any CPU.Build.0 = Release|Any CPU
	EndGlobalSection
	GlobalSection(SolutionProperties) = preSolution
		HideSolutionNode = FALSE
	EndGlobalSection
	GlobalSection(ExtensibilityGlobals) = postSolution
		SolutionGuid = {850E356A-96B7-4E8C-811A-B649DDEE2D88}
	EndGlobalSection
EndGlobal
